PODS:
  - CocoaLumberjack (1.9.0):
    - CocoaLumberjack/Extensions
  - CocoaLumberjack/Core (1.9.0)
  - CocoaLumberjack/Extensions (1.9.0):
    - CocoaLumberjack/Core
  - JASidePanels (1.3.2)
  - PBWebViewController (0.2)
  - Reachability (3.1.1)
  - Reveal-iOS-SDK (1.0.4)
  - SDWebImage (3.6):
    - SDWebImage/Core
  - SDWebImage/Core (3.6)

DEPENDENCIES:
  - CocoaLumberjack (~> 1.8)
  - JASidePanels (~> 1.3.2)
  - PBWebViewController (~> 0.1)
  - Reachability (~> 3.1)
  - Reveal-iOS-SDK (~> 1.0)
  - SDWebImage (~> 3.5)

SPEC CHECKSUMS:
  CocoaLumberjack: 5766cdd1d0a24bcf15a133c6023747346bf786dd
  JASidePanels: ca943907d88a0738c80755204c6098969d43e4e9
  PBWebViewController: 4ce33129c0f0adfce9cec105be4d48c7c9b70026
  Reachability: 8e9635e3cb4f98e7f825e51147f677ecc694d0e7
  Reveal-iOS-SDK: d3c8e109d42219daaa7a6e1ad2de34f0bdbb7a88
  SDWebImage: c6989652c1cdf27cbdf3f56957e2030f825af5bc

COCOAPODS: 0.33.1
