// !$*UTF8*$!
{
	archiveVersion = 1;
	classes = {
	};
	objectVersion = 46;
	objects = {

/* Begin PBXBuildFile section */
		3286E19C248E44EB8742593A /* libPods.a in Frameworks */ = {isa = PBXBuildFile; fileRef = 11E52AA9D13145B0BFBCDE4A /* libPods.a */; };
		6804DE1C193EC34B001DC26B /* NUSNewsFeedCell.xib in Resources */ = {isa = PBXBuildFile; fileRef = 6804DE1B193EC34B001DC26B /* NUSNewsFeedCell.xib */; };
		6829F6D018DC449B00CEDBED /* NUSSidePanelController.m in Sources */ = {isa = PBXBuildFile; fileRef = 6829F6CF18DC449B00CEDBED /* NUSSidePanelController.m */; };
		684AF03518F028C100AE304F /* NUSSideMenuViewController.m in Sources */ = {isa = PBXBuildFile; fileRef = 684AF03418F028C100AE304F /* NUSSideMenuViewController.m */; };
		6892E78318CF31A600D60787 /* Foundation.framework in Frameworks */ = {isa = PBXBuildFile; fileRef = 6892E78218CF31A600D60787 /* Foundation.framework */; };
		6892E78518CF31A600D60787 /* CoreGraphics.framework in Frameworks */ = {isa = PBXBuildFile; fileRef = 6892E78418CF31A600D60787 /* CoreGraphics.framework */; };
		6892E78718CF31A600D60787 /* UIKit.framework in Frameworks */ = {isa = PBXBuildFile; fileRef = 6892E78618CF31A600D60787 /* UIKit.framework */; };
		6892E78D18CF31A600D60787 /* InfoPlist.strings in Resources */ = {isa = PBXBuildFile; fileRef = 6892E78B18CF31A600D60787 /* InfoPlist.strings */; };
		6892E78F18CF31A600D60787 /* main.m in Sources */ = {isa = PBXBuildFile; fileRef = 6892E78E18CF31A600D60787 /* main.m */; };
		6892E79318CF31A600D60787 /* NUSAppDelegate.m in Sources */ = {isa = PBXBuildFile; fileRef = 6892E79218CF31A600D60787 /* NUSAppDelegate.m */; };
		6892E79618CF31A600D60787 /* Main_iPhone.storyboard in Resources */ = {isa = PBXBuildFile; fileRef = 6892E79418CF31A600D60787 /* Main_iPhone.storyboard */; };
		6892E79918CF31A600D60787 /* Main_iPad.storyboard in Resources */ = {isa = PBXBuildFile; fileRef = 6892E79718CF31A600D60787 /* Main_iPad.storyboard */; };
		6892E79E18CF31A600D60787 /* Images.xcassets in Resources */ = {isa = PBXBuildFile; fileRef = 6892E79D18CF31A600D60787 /* Images.xcassets */; };
		6892E7A518CF31A600D60787 /* XCTest.framework in Frameworks */ = {isa = PBXBuildFile; fileRef = 6892E7A418CF31A600D60787 /* XCTest.framework */; };
		6892E7A618CF31A600D60787 /* Foundation.framework in Frameworks */ = {isa = PBXBuildFile; fileRef = 6892E78218CF31A600D60787 /* Foundation.framework */; };
		6892E7A718CF31A600D60787 /* UIKit.framework in Frameworks */ = {isa = PBXBuildFile; fileRef = 6892E78618CF31A600D60787 /* UIKit.framework */; };
		6892E7AF18CF31A600D60787 /* InfoPlist.strings in Resources */ = {isa = PBXBuildFile; fileRef = 6892E7AD18CF31A600D60787 /* InfoPlist.strings */; };
		6892E7B118CF31A600D60787 /* Newcastle_Undead_SocietyTests.m in Sources */ = {isa = PBXBuildFile; fileRef = 6892E7B018CF31A600D60787 /* Newcastle_Undead_SocietyTests.m */; };
		68B535AC193EB61000E3967C /* NUSNewsFeedViewController.m in Sources */ = {isa = PBXBuildFile; fileRef = 68B535AB193EB61000E3967C /* NUSNewsFeedViewController.m */; };
/* End PBXBuildFile section */

/* Begin PBXContainerItemProxy section */
		6892E7A818CF31A600D60787 /* PBXContainerItemProxy */ = {
			isa = PBXContainerItemProxy;
			containerPortal = 6892E77718CF31A600D60787 /* Project object */;
			proxyType = 1;
			remoteGlobalIDString = 6892E77E18CF31A600D60787;
			remoteInfo = "Newcastle Undead Society";
		};
/* End PBXContainerItemProxy section */

/* Begin PBXFileReference section */
		11E52AA9D13145B0BFBCDE4A /* libPods.a */ = {isa = PBXFileReference; explicitFileType = archive.ar; includeInIndex = 0; path = libPods.a; sourceTree = BUILT_PRODUCTS_DIR; };
		6804DE1B193EC34B001DC26B /* NUSNewsFeedCell.xib */ = {isa = PBXFileReference; fileEncoding = 4; lastKnownFileType = file.xib; name = NUSNewsFeedCell.xib; path = Cells/NUSNewsFeedCell.xib; sourceTree = "<group>"; };
		6829F6CE18DC449B00CEDBED /* NUSSidePanelController.h */ = {isa = PBXFileReference; fileEncoding = 4; lastKnownFileType = sourcecode.c.h; name = NUSSidePanelController.h; path = "View Controllers/NUSSidePanelController.h"; sourceTree = "<group>"; };
		6829F6CF18DC449B00CEDBED /* NUSSidePanelController.m */ = {isa = PBXFileReference; fileEncoding = 4; lastKnownFileType = sourcecode.c.objc; name = NUSSidePanelController.m; path = "View Controllers/NUSSidePanelController.m"; sourceTree = "<group>"; };
		684AF03318F028C100AE304F /* NUSSideMenuViewController.h */ = {isa = PBXFileReference; fileEncoding = 4; lastKnownFileType = sourcecode.c.h; name = NUSSideMenuViewController.h; path = "View Controllers/NUSSideMenuViewController.h"; sourceTree = "<group>"; };
		684AF03418F028C100AE304F /* NUSSideMenuViewController.m */ = {isa = PBXFileReference; fileEncoding = 4; lastKnownFileType = sourcecode.c.objc; name = NUSSideMenuViewController.m; path = "View Controllers/NUSSideMenuViewController.m"; sourceTree = "<group>"; };
		6892E77F18CF31A600D60787 /* Newcastle Undead Society.app */ = {isa = PBXFileReference; explicitFileType = wrapper.application; includeInIndex = 0; path = "Newcastle Undead Society.app"; sourceTree = BUILT_PRODUCTS_DIR; };
		6892E78218CF31A600D60787 /* Foundation.framework */ = {isa = PBXFileReference; lastKnownFileType = wrapper.framework; name = Foundation.framework; path = System/Library/Frameworks/Foundation.framework; sourceTree = SDKROOT; };
		6892E78418CF31A600D60787 /* CoreGraphics.framework */ = {isa = PBXFileReference; lastKnownFileType = wrapper.framework; name = CoreGraphics.framework; path = System/Library/Frameworks/CoreGraphics.framework; sourceTree = SDKROOT; };
		6892E78618CF31A600D60787 /* UIKit.framework */ = {isa = PBXFileReference; lastKnownFileType = wrapper.framework; name = UIKit.framework; path = System/Library/Frameworks/UIKit.framework; sourceTree = SDKROOT; };
		6892E78A18CF31A600D60787 /* Newcastle Undead Society-Info.plist */ = {isa = PBXFileReference; lastKnownFileType = text.plist.xml; path = "Newcastle Undead Society-Info.plist"; sourceTree = "<group>"; };
		6892E78C18CF31A600D60787 /* en */ = {isa = PBXFileReference; lastKnownFileType = text.plist.strings; name = en; path = en.lproj/InfoPlist.strings; sourceTree = "<group>"; };
		6892E78E18CF31A600D60787 /* main.m */ = {isa = PBXFileReference; lastKnownFileType = sourcecode.c.objc; path = main.m; sourceTree = "<group>"; };
		6892E79018CF31A600D60787 /* Newcastle Undead Society-Prefix.pch */ = {isa = PBXFileReference; lastKnownFileType = sourcecode.c.h; path = "Newcastle Undead Society-Prefix.pch"; sourceTree = "<group>"; };
		6892E79118CF31A600D60787 /* NUSAppDelegate.h */ = {isa = PBXFileReference; lastKnownFileType = sourcecode.c.h; path = NUSAppDelegate.h; sourceTree = "<group>"; };
		6892E79218CF31A600D60787 /* NUSAppDelegate.m */ = {isa = PBXFileReference; lastKnownFileType = sourcecode.c.objc; path = NUSAppDelegate.m; sourceTree = "<group>"; };
		6892E79518CF31A600D60787 /* Base */ = {isa = PBXFileReference; lastKnownFileType = file.storyboard; name = Base; path = Base.lproj/Main_iPhone.storyboard; sourceTree = "<group>"; };
		6892E79818CF31A600D60787 /* Base */ = {isa = PBXFileReference; lastKnownFileType = file.storyboard; name = Base; path = Base.lproj/Main_iPad.storyboard; sourceTree = "<group>"; };
		6892E79D18CF31A600D60787 /* Images.xcassets */ = {isa = PBXFileReference; lastKnownFileType = folder.assetcatalog; path = Images.xcassets; sourceTree = "<group>"; };
		6892E7A318CF31A600D60787 /* Newcastle Undead SocietyTests.xctest */ = {isa = PBXFileReference; explicitFileType = wrapper.cfbundle; includeInIndex = 0; path = "Newcastle Undead SocietyTests.xctest"; sourceTree = BUILT_PRODUCTS_DIR; };
		6892E7A418CF31A600D60787 /* XCTest.framework */ = {isa = PBXFileReference; lastKnownFileType = wrapper.framework; name = XCTest.framework; path = Library/Frameworks/XCTest.framework; sourceTree = DEVELOPER_DIR; };
		6892E7AC18CF31A600D60787 /* Newcastle Undead SocietyTests-Info.plist */ = {isa = PBXFileReference; lastKnownFileType = text.plist.xml; path = "Newcastle Undead SocietyTests-Info.plist"; sourceTree = "<group>"; };
		6892E7AE18CF31A600D60787 /* en */ = {isa = PBXFileReference; lastKnownFileType = text.plist.strings; name = en; path = en.lproj/InfoPlist.strings; sourceTree = "<group>"; };
		6892E7B018CF31A600D60787 /* Newcastle_Undead_SocietyTests.m */ = {isa = PBXFileReference; lastKnownFileType = sourcecode.c.objc; path = Newcastle_Undead_SocietyTests.m; sourceTree = "<group>"; };
		68B535AA193EB61000E3967C /* NUSNewsFeedViewController.h */ = {isa = PBXFileReference; fileEncoding = 4; lastKnownFileType = sourcecode.c.h; name = NUSNewsFeedViewController.h; path = "View Controllers/NUSNewsFeedViewController.h"; sourceTree = "<group>"; };
		68B535AB193EB61000E3967C /* NUSNewsFeedViewController.m */ = {isa = PBXFileReference; fileEncoding = 4; lastKnownFileType = sourcecode.c.objc; name = NUSNewsFeedViewController.m; path = "View Controllers/NUSNewsFeedViewController.m"; sourceTree = "<group>"; };
		BD791ACED0144B6F90DD56EE /* Pods.xcconfig */ = {isa = PBXFileReference; includeInIndex = 1; lastKnownFileType = text.xcconfig; name = Pods.xcconfig; path = Pods/Pods.xcconfig; sourceTree = "<group>"; };
/* End PBXFileReference section */

/* Begin PBXFrameworksBuildPhase section */
		6892E77C18CF31A600D60787 /* Frameworks */ = {
			isa = PBXFrameworksBuildPhase;
			buildActionMask = 2147483647;
			files = (
				6892E78518CF31A600D60787 /* CoreGraphics.framework in Frameworks */,
				6892E78718CF31A600D60787 /* UIKit.framework in Frameworks */,
				6892E78318CF31A600D60787 /* Foundation.framework in Frameworks */,
				3286E19C248E44EB8742593A /* libPods.a in Frameworks */,
			);
			runOnlyForDeploymentPostprocessing = 0;
		};
		6892E7A018CF31A600D60787 /* Frameworks */ = {
			isa = PBXFrameworksBuildPhase;
			buildActionMask = 2147483647;
			files = (
				6892E7A518CF31A600D60787 /* XCTest.framework in Frameworks */,
				6892E7A718CF31A600D60787 /* UIKit.framework in Frameworks */,
				6892E7A618CF31A600D60787 /* Foundation.framework in Frameworks */,
			);
			runOnlyForDeploymentPostprocessing = 0;
		};
/* End PBXFrameworksBuildPhase section */

/* Begin PBXGroup section */
		6892E77618CF31A600D60787 = {
			isa = PBXGroup;
			children = (
				6892E78818CF31A600D60787 /* Newcastle Undead Society */,
				6892E7AA18CF31A600D60787 /* Newcastle Undead SocietyTests */,
				6892E78118CF31A600D60787 /* Frameworks */,
				6892E78018CF31A600D60787 /* Products */,
				BD791ACED0144B6F90DD56EE /* Pods.xcconfig */,
			);
			sourceTree = "<group>";
		};
		6892E78018CF31A600D60787 /* Products */ = {
			isa = PBXGroup;
			children = (
				6892E77F18CF31A600D60787 /* Newcastle Undead Society.app */,
				6892E7A318CF31A600D60787 /* Newcastle Undead SocietyTests.xctest */,
			);
			name = Products;
			sourceTree = "<group>";
		};
		6892E78118CF31A600D60787 /* Frameworks */ = {
			isa = PBXGroup;
			children = (
				6892E78218CF31A600D60787 /* Foundation.framework */,
				6892E78418CF31A600D60787 /* CoreGraphics.framework */,
				6892E78618CF31A600D60787 /* UIKit.framework */,
				6892E7A418CF31A600D60787 /* XCTest.framework */,
				11E52AA9D13145B0BFBCDE4A /* libPods.a */,
			);
			name = Frameworks;
			sourceTree = "<group>";
		};
		6892E78818CF31A600D60787 /* Newcastle Undead Society */ = {
			isa = PBXGroup;
			children = (
				6892E79418CF31A600D60787 /* Main_iPhone.storyboard */,
				6892E79718CF31A600D60787 /* Main_iPad.storyboard */,
				68C22772193ECF5400764274 /* Cells */,
				68C22773193ECF5A00764274 /* View Controllers */,
				6892E78918CF31A600D60787 /* Supporting Files */,
			);
			path = "Newcastle Undead Society";
			sourceTree = "<group>";
		};
		6892E78918CF31A600D60787 /* Supporting Files */ = {
			isa = PBXGroup;
			children = (
				6892E79118CF31A600D60787 /* NUSAppDelegate.h */,
				6892E79218CF31A600D60787 /* NUSAppDelegate.m */,
				6892E79D18CF31A600D60787 /* Images.xcassets */,
				6892E78A18CF31A600D60787 /* Newcastle Undead Society-Info.plist */,
				6892E78B18CF31A600D60787 /* InfoPlist.strings */,
				6892E78E18CF31A600D60787 /* main.m */,
				6892E79018CF31A600D60787 /* Newcastle Undead Society-Prefix.pch */,
			);
			name = "Supporting Files";
			sourceTree = "<group>";
		};
		6892E7AA18CF31A600D60787 /* Newcastle Undead SocietyTests */ = {
			isa = PBXGroup;
			children = (
				6892E7B018CF31A600D60787 /* Newcastle_Undead_SocietyTests.m */,
				6892E7AB18CF31A600D60787 /* Supporting Files */,
			);
			path = "Newcastle Undead SocietyTests";
			sourceTree = "<group>";
		};
		6892E7AB18CF31A600D60787 /* Supporting Files */ = {
			isa = PBXGroup;
			children = (
				6892E7AC18CF31A600D60787 /* Newcastle Undead SocietyTests-Info.plist */,
				6892E7AD18CF31A600D60787 /* InfoPlist.strings */,
			);
			name = "Supporting Files";
			sourceTree = "<group>";
		};
		68C22772193ECF5400764274 /* Cells */ = {
			isa = PBXGroup;
			children = (
				6804DE1B193EC34B001DC26B /* NUSNewsFeedCell.xib */,
			);
			name = Cells;
			sourceTree = "<group>";
		};
		68C22773193ECF5A00764274 /* View Controllers */ = {
			isa = PBXGroup;
			children = (
				68B535AA193EB61000E3967C /* NUSNewsFeedViewController.h */,
				68B535AB193EB61000E3967C /* NUSNewsFeedViewController.m */,
				6829F6CE18DC449B00CEDBED /* NUSSidePanelController.h */,
				6829F6CF18DC449B00CEDBED /* NUSSidePanelController.m */,
				684AF03318F028C100AE304F /* NUSSideMenuViewController.h */,
				684AF03418F028C100AE304F /* NUSSideMenuViewController.m */,
			);
			name = "View Controllers";
			sourceTree = "<group>";
		};
/* End PBXGroup section */

/* Begin PBXNativeTarget section */
		6892E77E18CF31A600D60787 /* Newcastle Undead Society */ = {
			isa = PBXNativeTarget;
			buildConfigurationList = 6892E7B418CF31A600D60787 /* Build configuration list for PBXNativeTarget "Newcastle Undead Society" */;
			buildPhases = (
				8449E313049E49F6B838ED91 /* Check Pods Manifest.lock */,
				6892E77B18CF31A600D60787 /* Sources */,
				6892E77C18CF31A600D60787 /* Frameworks */,
				6892E77D18CF31A600D60787 /* Resources */,
				026563B9468542C38E108801 /* Copy Pods Resources */,
			);
			buildRules = (
			);
			dependencies = (
			);
			name = "Newcastle Undead Society";
			productName = "Newcastle Undead Society";
			productReference = 6892E77F18CF31A600D60787 /* Newcastle Undead Society.app */;
			productType = "com.apple.product-type.application";
		};
		6892E7A218CF31A600D60787 /* Newcastle Undead SocietyTests */ = {
			isa = PBXNativeTarget;
			buildConfigurationList = 6892E7B718CF31A600D60787 /* Build configuration list for PBXNativeTarget "Newcastle Undead SocietyTests" */;
			buildPhases = (
				6892E79F18CF31A600D60787 /* Sources */,
				6892E7A018CF31A600D60787 /* Frameworks */,
				6892E7A118CF31A600D60787 /* Resources */,
			);
			buildRules = (
			);
			dependencies = (
				6892E7A918CF31A600D60787 /* PBXTargetDependency */,
			);
			name = "Newcastle Undead SocietyTests";
			productName = "Newcastle Undead SocietyTests";
			productReference = 6892E7A318CF31A600D60787 /* Newcastle Undead SocietyTests.xctest */;
			productType = "com.apple.product-type.bundle.unit-test";
		};
/* End PBXNativeTarget section */

/* Begin PBXProject section */
		6892E77718CF31A600D60787 /* Project object */ = {
			isa = PBXProject;
			attributes = {
				CLASSPREFIX = NUS;
				LastUpgradeCheck = 0510;
				ORGANIZATIONNAME = "Josh Lapham";
				TargetAttributes = {
					6892E7A218CF31A600D60787 = {
						TestTargetID = 6892E77E18CF31A600D60787;
					};
				};
			};
			buildConfigurationList = 6892E77A18CF31A600D60787 /* Build configuration list for PBXProject "Newcastle Undead Society" */;
			compatibilityVersion = "Xcode 3.2";
			developmentRegion = English;
			hasScannedForEncodings = 0;
			knownRegions = (
				en,
				Base,
			);
			mainGroup = 6892E77618CF31A600D60787;
			productRefGroup = 6892E78018CF31A600D60787 /* Products */;
			projectDirPath = "";
			projectRoot = "";
			targets = (
				6892E77E18CF31A600D60787 /* Newcastle Undead Society */,
				6892E7A218CF31A600D60787 /* Newcastle Undead SocietyTests */,
			);
		};
/* End PBXProject section */

/* Begin PBXResourcesBuildPhase section */
		6892E77D18CF31A600D60787 /* Resources */ = {
			isa = PBXResourcesBuildPhase;
			buildActionMask = 2147483647;
			files = (
				6892E79918CF31A600D60787 /* Main_iPad.storyboard in Resources */,
				6804DE1C193EC34B001DC26B /* NUSNewsFeedCell.xib in Resources */,
				6892E79E18CF31A600D60787 /* Images.xcassets in Resources */,
				6892E79618CF31A600D60787 /* Main_iPhone.storyboard in Resources */,
				6892E78D18CF31A600D60787 /* InfoPlist.strings in Resources */,
			);
			runOnlyForDeploymentPostprocessing = 0;
		};
		6892E7A118CF31A600D60787 /* Resources */ = {
			isa = PBXResourcesBuildPhase;
			buildActionMask = 2147483647;
			files = (
				6892E7AF18CF31A600D60787 /* InfoPlist.strings in Resources */,
			);
			runOnlyForDeploymentPostprocessing = 0;
		};
/* End PBXResourcesBuildPhase section */

/* Begin PBXShellScriptBuildPhase section */
		026563B9468542C38E108801 /* Copy Pods Resources */ = {
			isa = PBXShellScriptBuildPhase;
			buildActionMask = 2147483647;
			files = (
			);
			inputPaths = (
			);
			name = "Copy Pods Resources";
			outputPaths = (
			);
			runOnlyForDeploymentPostprocessing = 0;
			shellPath = /bin/sh;
			shellScript = "\"${SRCROOT}/Pods/Pods-resources.sh\"\n";
			showEnvVarsInLog = 0;
		};
		8449E313049E49F6B838ED91 /* Check Pods Manifest.lock */ = {
			isa = PBXShellScriptBuildPhase;
			buildActionMask = 2147483647;
			files = (
			);
			inputPaths = (
			);
			name = "Check Pods Manifest.lock";
			outputPaths = (
			);
			runOnlyForDeploymentPostprocessing = 0;
			shellPath = /bin/sh;
			shellScript = "diff \"${PODS_ROOT}/../Podfile.lock\" \"${PODS_ROOT}/Manifest.lock\" > /dev/null\nif [[ $? != 0 ]] ; then\n    cat << EOM\nerror: The sandbox is not in sync with the Podfile.lock. Run 'pod install' or update your CocoaPods installation.\nEOM\n    exit 1\nfi\n";
			showEnvVarsInLog = 0;
		};
/* End PBXShellScriptBuildPhase section */

/* Begin PBXSourcesBuildPhase section */
		6892E77B18CF31A600D60787 /* Sources */ = {
			isa = PBXSourcesBuildPhase;
			buildActionMask = 2147483647;
			files = (
				6892E78F18CF31A600D60787 /* main.m in Sources */,
				684AF03518F028C100AE304F /* NUSSideMenuViewController.m in Sources */,
				6829F6D018DC449B00CEDBED /* NUSSidePanelController.m in Sources */,
				68B535AC193EB61000E3967C /* NUSNewsFeedViewController.m in Sources */,
				6892E79318CF31A600D60787 /* NUSAppDelegate.m in Sources */,
			);
			runOnlyForDeploymentPostprocessing = 0;
		};
		6892E79F18CF31A600D60787 /* Sources */ = {
			isa = PBXSourcesBuildPhase;
			buildActionMask = 2147483647;
			files = (
				6892E7B118CF31A600D60787 /* Newcastle_Undead_SocietyTests.m in Sources */,
			);
			runOnlyForDeploymentPostprocessing = 0;
		};
/* End PBXSourcesBuildPhase section */

/* Begin PBXTargetDependency section */
		6892E7A918CF31A600D60787 /* PBXTargetDependency */ = {
			isa = PBXTargetDependency;
			target = 6892E77E18CF31A600D60787 /* Newcastle Undead Society */;
			targetProxy = 6892E7A818CF31A600D60787 /* PBXContainerItemProxy */;
		};
/* End PBXTargetDependency section */

/* Begin PBXVariantGroup section */
		6892E78B18CF31A600D60787 /* InfoPlist.strings */ = {
			isa = PBXVariantGroup;
			children = (
				6892E78C18CF31A600D60787 /* en */,
			);
			name = InfoPlist.strings;
			sourceTree = "<group>";
		};
		6892E79418CF31A600D60787 /* Main_iPhone.storyboard */ = {
			isa = PBXVariantGroup;
			children = (
				6892E79518CF31A600D60787 /* Base */,
			);
			name = Main_iPhone.storyboard;
			sourceTree = "<group>";
		};
		6892E79718CF31A600D60787 /* Main_iPad.storyboard */ = {
			isa = PBXVariantGroup;
			children = (
				6892E79818CF31A600D60787 /* Base */,
			);
			name = Main_iPad.storyboard;
			sourceTree = "<group>";
		};
		6892E7AD18CF31A600D60787 /* InfoPlist.strings */ = {
			isa = PBXVariantGroup;
			children = (
				6892E7AE18CF31A600D60787 /* en */,
			);
			name = InfoPlist.strings;
			sourceTree = "<group>";
		};
/* End PBXVariantGroup section */

/* Begin XCBuildConfiguration section */
		6892E7B218CF31A600D60787 /* Debug */ = {
			isa = XCBuildConfiguration;
			buildSettings = {
				ALWAYS_SEARCH_USER_PATHS = NO;
				CLANG_CXX_LANGUAGE_STANDARD = "gnu++0x";
				CLANG_CXX_LIBRARY = "libc++";
				CLANG_ENABLE_MODULES = YES;
				CLANG_ENABLE_OBJC_ARC = YES;
				CLANG_WARN_BOOL_CONVERSION = YES;
				CLANG_WARN_CONSTANT_CONVERSION = YES;
				CLANG_WARN_DIRECT_OBJC_ISA_USAGE = YES_ERROR;
				CLANG_WARN_EMPTY_BODY = YES;
				CLANG_WARN_ENUM_CONVERSION = YES;
				CLANG_WARN_INT_CONVERSION = YES;
				CLANG_WARN_OBJC_ROOT_CLASS = YES_ERROR;
				CLANG_WARN__DUPLICATE_METHOD_MATCH = YES;
				"CODE_SIGN_IDENTITY[sdk=iphoneos*]" = "iPhone Developer";
				COPY_PHASE_STRIP = NO;
				GCC_C_LANGUAGE_STANDARD = gnu99;
				GCC_DYNAMIC_NO_PIC = NO;
				GCC_OPTIMIZATION_LEVEL = 0;
				GCC_PREPROCESSOR_DEFINITIONS = (
					"DEBUG=1",
					"$(inherited)",
				);
				GCC_SYMBOLS_PRIVATE_EXTERN = NO;
				GCC_WARN_64_TO_32_BIT_CONVERSION = YES;
				GCC_WARN_ABOUT_RETURN_TYPE = YES_ERROR;
				GCC_WARN_UNDECLARED_SELECTOR = YES;
				GCC_WARN_UNINITIALIZED_AUTOS = YES;
				GCC_WARN_UNUSED_FUNCTION = YES;
				GCC_WARN_UNUSED_VARIABLE = YES;
				IPHONEOS_DEPLOYMENT_TARGET = 7.0;
				ONLY_ACTIVE_ARCH = YES;
				SDKROOT = iphoneos;
				TARGETED_DEVICE_FAMILY = "1,2";
			};
			name = Debug;
		};
		6892E7B318CF31A600D60787 /* Release */ = {
			isa = XCBuildConfiguration;
			buildSettings = {
				ALWAYS_SEARCH_USER_PATHS = NO;
				CLANG_CXX_LANGUAGE_STANDARD = "gnu++0x";
				CLANG_CXX_LIBRARY = "libc++";
				CLANG_ENABLE_MODULES = YES;
				CLANG_ENABLE_OBJC_ARC = YES;
				CLANG_WARN_BOOL_CONVERSION = YES;
				CLANG_WARN_CONSTANT_CONVERSION = YES;
				CLANG_WARN_DIRECT_OBJC_ISA_USAGE = YES_ERROR;
				CLANG_WARN_EMPTY_BODY = YES;
				CLANG_WARN_ENUM_CONVERSION = YES;
				CLANG_WARN_INT_CONVERSION = YES;
				CLANG_WARN_OBJC_ROOT_CLASS = YES_ERROR;
				CLANG_WARN__DUPLICATE_METHOD_MATCH = YES;
				"CODE_SIGN_IDENTITY[sdk=iphoneos*]" = "iPhone Developer";
				COPY_PHASE_STRIP = YES;
				ENABLE_NS_ASSERTIONS = NO;
				GCC_C_LANGUAGE_STANDARD = gnu99;
				GCC_WARN_64_TO_32_BIT_CONVERSION = YES;
				GCC_WARN_ABOUT_RETURN_TYPE = YES_ERROR;
				GCC_WARN_UNDECLARED_SELECTOR = YES;
				GCC_WARN_UNINITIALIZED_AUTOS = YES;
				GCC_WARN_UNUSED_FUNCTION = YES;
				GCC_WARN_UNUSED_VARIABLE = YES;
				IPHONEOS_DEPLOYMENT_TARGET = 7.0;
				SDKROOT = iphoneos;
				TARGETED_DEVICE_FAMILY = "1,2";
				VALIDATE_PRODUCT = YES;
			};
			name = Release;
		};
		6892E7B518CF31A600D60787 /* Debug */ = {
			isa = XCBuildConfiguration;
			baseConfigurationReference = BD791ACED0144B6F90DD56EE /* Pods.xcconfig */;
			buildSettings = {
				ASSETCATALOG_COMPILER_APPICON_NAME = AppIcon;
				ASSETCATALOG_COMPILER_LAUNCHIMAGE_NAME = LaunchImage;
				GCC_PRECOMPILE_PREFIX_HEADER = YES;
				GCC_PREFIX_HEADER = "Newcastle Undead Society/Newcastle Undead Society-Prefix.pch";
				INFOPLIST_FILE = "Newcastle Undead Society/Newcastle Undead Society-Info.plist";
				PRODUCT_NAME = "$(TARGET_NAME)";
				PROVISIONING_PROFILE = "A2D4690A-BF6D-4D62-A237-8A68D6984F36";
				WRAPPER_EXTENSION = app;
			};
			name = Debug;
		};
		6892E7B618CF31A600D60787 /* Release */ = {
			isa = XCBuildConfiguration;
			baseConfigurationReference = BD791ACED0144B6F90DD56EE /* Pods.xcconfig */;
			buildSettings = {
				ASSETCATALOG_COMPILER_APPICON_NAME = AppIcon;
				ASSETCATALOG_COMPILER_LAUNCHIMAGE_NAME = LaunchImage;
				GCC_PRECOMPILE_PREFIX_HEADER = YES;
				GCC_PREFIX_HEADER = "Newcastle Undead Society/Newcastle Undead Society-Prefix.pch";
				INFOPLIST_FILE = "Newcastle Undead Society/Newcastle Undead Society-Info.plist";
				PRODUCT_NAME = "$(TARGET_NAME)";
				PROVISIONING_PROFILE = "A2D4690A-BF6D-4D62-A237-8A68D6984F36";
				WRAPPER_EXTENSION = app;
			};
			name = Release;
		};
		6892E7B818CF31A600D60787 /* Debug */ = {
			isa = XCBuildConfiguration;
			buildSettings = {
				BUNDLE_LOADER = "$(BUILT_PRODUCTS_DIR)/Newcastle Undead Society.app/Newcastle Undead Society";
				FRAMEWORK_SEARCH_PATHS = (
					"$(SDKROOT)/Developer/Library/Frameworks",
					"$(inherited)",
					"$(DEVELOPER_FRAMEWORKS_DIR)",
				);
				GCC_PRECOMPILE_PREFIX_HEADER = YES;
				GCC_PREFIX_HEADER = "Newcastle Undead Society/Newcastle Undead Society-Prefix.pch";
				GCC_PREPROCESSOR_DEFINITIONS = (
					"DEBUG=1",
					"$(inherited)",
				);
				INFOPLIST_FILE = "Newcastle Undead SocietyTests/Newcastle Undead SocietyTests-Info.plist";
				PRODUCT_NAME = "$(TARGET_NAME)";
				TEST_HOST = "$(BUNDLE_LOADER)";
				WRAPPER_EXTENSION = xctest;
			};
			name = Debug;
		};
		6892E7B918CF31A600D60787 /* Release */ = {
			isa = XCBuildConfiguration;
			buildSettings = {
				BUNDLE_LOADER = "$(BUILT_PRODUCTS_DIR)/Newcastle Undead Society.app/Newcastle Undead Society";
				FRAMEWORK_SEARCH_PATHS = (
					"$(SDKROOT)/Developer/Library/Frameworks",
					"$(inherited)",
					"$(DEVELOPER_FRAMEWORKS_DIR)",
				);
				GCC_PRECOMPILE_PREFIX_HEADER = YES;
				GCC_PREFIX_HEADER = "Newcastle Undead Society/Newcastle Undead Society-Prefix.pch";
				INFOPLIST_FILE = "Newcastle Undead SocietyTests/Newcastle Undead SocietyTests-Info.plist";
				PRODUCT_NAME = "$(TARGET_NAME)";
				TEST_HOST = "$(BUNDLE_LOADER)";
				WRAPPER_EXTENSION = xctest;
			};
			name = Release;
		};
/* End XCBuildConfiguration section */

/* Begin XCConfigurationList section */
		6892E77A18CF31A600D60787 /* Build configuration list for PBXProject "Newcastle Undead Society" */ = {
			isa = XCConfigurationList;
			buildConfigurations = (
				6892E7B218CF31A600D60787 /* Debug */,
				6892E7B318CF31A600D60787 /* Release */,
			);
			defaultConfigurationIsVisible = 0;
			defaultConfigurationName = Release;
		};
		6892E7B418CF31A600D60787 /* Build configuration list for PBXNativeTarget "Newcastle Undead Society" */ = {
			isa = XCConfigurationList;
			buildConfigurations = (
				6892E7B518CF31A600D60787 /* Debug */,
				6892E7B618CF31A600D60787 /* Release */,
			);
			defaultConfigurationIsVisible = 0;
			defaultConfigurationName = Release;
		};
		6892E7B718CF31A600D60787 /* Build configuration list for PBXNativeTarget "Newcastle Undead SocietyTests" */ = {
			isa = XCConfigurationList;
			buildConfigurations = (
				6892E7B818CF31A600D60787 /* Debug */,
				6892E7B918CF31A600D60787 /* Release */,
			);
			defaultConfigurationIsVisible = 0;
			defaultConfigurationName = Release;
		};
/* End XCConfigurationList section */
	};
	rootObject = 6892E77718CF31A600D60787 /* Project object */;
}
